
Microsoft Visual Studio Solution File, Format Version 12.00
# Visual Studio Version 16
VisualStudioVersion = 16.0.30503.244
MinimumVisualStudioVersion = 10.0.40219.1
Project("{8BC9CEB8-8B4A-11D0-8D11-00A0C91BC942}") = "Hailstone", "Hailstone\Hailstone.vcxproj", "{5D04A30F-24E2-4CE6-BA0C-AEFB6B052837}"
EndProject
Global
	GlobalSection(SolutionConfigurationPlatforms) = preSolution
		Debug|x64 = Debug|x64
		Debug|x86 = Debug|x86
		Release|x64 = Release|x64
		Release|x86 = Release|x86
	EndGlobalSection
	GlobalSection(ProjectConfigurationPlatforms) = postSolution
		{5D04A30F-24E2-4CE6-BA0C-AEFB6B052837}.Debug|x64.ActiveCfg = Debug|x64
		{5D04A30F-24E2-4CE6-BA0C-AEFB6B052837}.Debug|x64.Build.0 = Debug|x64
		{5D04A30F-24E2-4CE6-BA0C-AEFB6B052837}.Debug|x86.ActiveCfg = Debug|Win32
		{5D04A30F-24E2-4CE6-BA0C-AEFB6B052837}.Debug|x86.Build.0 = Debug|Win32
		{5D04A30F-24E2-4CE6-BA0C-AEFB6B052837}.Release|x64.ActiveCfg = Release|x64
		{5D04A30F-24E2-4CE6-BA0C-AEFB6B052837}.Release|x64.Build.0 = Release|x64
		{5D04A30F-24E2-4CE6-BA0C-AEFB6B052837}.Release|x86.ActiveCfg = Release|Win32
		{5D04A30F-24E2-4CE6-BA0C-AEFB6B052837}.Release|x86.Build.0 = Release|Win32
	EndGlobalSection
	GlobalSection(SolutionProperties) = preSolution
		HideSolutionNode = FALSE
	EndGlobalSection
	GlobalSection(ExtensibilityGlobals) = postSolution
		SolutionGuid = {EA9E9791-5341-4BC9-AA39-A1308C1F8475}
	EndGlobalSection
EndGlobal
