
Microsoft Visual Studio Solution File, Format Version 12.00
# Visual Studio Version 16
VisualStudioVersion = 16.0.30503.244
MinimumVisualStudioVersion = 10.0.40219.1
Project("{8BC9CEB8-8B4A-11D0-8D11-00A0C91BC942}") = "Pop", "Pop\Pop.vcxproj", "{CD0AD876-8FEF-4B47-859E-673CAFDA2D69}"
EndProject
Global
	GlobalSection(SolutionConfigurationPlatforms) = preSolution
		Debug|x64 = Debug|x64
		Debug|x86 = Debug|x86
		Release|x64 = Release|x64
		Release|x86 = Release|x86
	EndGlobalSection
	GlobalSection(ProjectConfigurationPlatforms) = postSolution
		{CD0AD876-8FEF-4B47-859E-673CAFDA2D69}.Debug|x64.ActiveCfg = Debug|x64
		{CD0AD876-8FEF-4B47-859E-673CAFDA2D69}.Debug|x64.Build.0 = Debug|x64
		{CD0AD876-8FEF-4B47-859E-673CAFDA2D69}.Debug|x86.ActiveCfg = Debug|Win32
		{CD0AD876-8FEF-4B47-859E-673CAFDA2D69}.Debug|x86.Build.0 = Debug|Win32
		{CD0AD876-8FEF-4B47-859E-673CAFDA2D69}.Release|x64.ActiveCfg = Release|x64
		{CD0AD876-8FEF-4B47-859E-673CAFDA2D69}.Release|x64.Build.0 = Release|x64
		{CD0AD876-8FEF-4B47-859E-673CAFDA2D69}.Release|x86.ActiveCfg = Release|Win32
		{CD0AD876-8FEF-4B47-859E-673CAFDA2D69}.Release|x86.Build.0 = Release|Win32
	EndGlobalSection
	GlobalSection(SolutionProperties) = preSolution
		HideSolutionNode = FALSE
	EndGlobalSection
	GlobalSection(ExtensibilityGlobals) = postSolution
		SolutionGuid = {2B32B796-0495-4A47-9B89-998D0AC0AC01}
	EndGlobalSection
EndGlobal
