
Microsoft Visual Studio Solution File, Format Version 12.00
# Visual Studio Version 16
VisualStudioVersion = 16.0.30503.244
MinimumVisualStudioVersion = 10.0.40219.1
Project("{8BC9CEB8-8B4A-11D0-8D11-00A0C91BC942}") = "Assegna_Biscotti", "Assegna_Biscotti\Assegna_Biscotti.vcxproj", "{DB6544CE-1BB3-46F1-AD15-E1E354F473F0}"
EndProject
Global
	GlobalSection(SolutionConfigurationPlatforms) = preSolution
		Debug|x64 = Debug|x64
		Debug|x86 = Debug|x86
		Release|x64 = Release|x64
		Release|x86 = Release|x86
	EndGlobalSection
	GlobalSection(ProjectConfigurationPlatforms) = postSolution
		{DB6544CE-1BB3-46F1-AD15-E1E354F473F0}.Debug|x64.ActiveCfg = Debug|x64
		{DB6544CE-1BB3-46F1-AD15-E1E354F473F0}.Debug|x64.Build.0 = Debug|x64
		{DB6544CE-1BB3-46F1-AD15-E1E354F473F0}.Debug|x86.ActiveCfg = Debug|Win32
		{DB6544CE-1BB3-46F1-AD15-E1E354F473F0}.Debug|x86.Build.0 = Debug|Win32
		{DB6544CE-1BB3-46F1-AD15-E1E354F473F0}.Release|x64.ActiveCfg = Release|x64
		{DB6544CE-1BB3-46F1-AD15-E1E354F473F0}.Release|x64.Build.0 = Release|x64
		{DB6544CE-1BB3-46F1-AD15-E1E354F473F0}.Release|x86.ActiveCfg = Release|Win32
		{DB6544CE-1BB3-46F1-AD15-E1E354F473F0}.Release|x86.Build.0 = Release|Win32
	EndGlobalSection
	GlobalSection(SolutionProperties) = preSolution
		HideSolutionNode = FALSE
	EndGlobalSection
	GlobalSection(ExtensibilityGlobals) = postSolution
		SolutionGuid = {8CF04F1C-4984-4A9E-878A-C3D32FDE61C9}
	EndGlobalSection
EndGlobal
