
Microsoft Visual Studio Solution File, Format Version 12.00
# Visual Studio Version 16
VisualStudioVersion = 16.0.30503.244
MinimumVisualStudioVersion = 10.0.40219.1
Project("{8BC9CEB8-8B4A-11D0-8D11-00A0C91BC942}") = "es3_ripasso", "es3_ripasso\es3_ripasso.vcxproj", "{31F8779A-AFBE-47D7-A6ED-40D5C66BB5C5}"
EndProject
Global
	GlobalSection(SolutionConfigurationPlatforms) = preSolution
		Debug|x64 = Debug|x64
		Debug|x86 = Debug|x86
		Release|x64 = Release|x64
		Release|x86 = Release|x86
	EndGlobalSection
	GlobalSection(ProjectConfigurationPlatforms) = postSolution
		{31F8779A-AFBE-47D7-A6ED-40D5C66BB5C5}.Debug|x64.ActiveCfg = Debug|x64
		{31F8779A-AFBE-47D7-A6ED-40D5C66BB5C5}.Debug|x64.Build.0 = Debug|x64
		{31F8779A-AFBE-47D7-A6ED-40D5C66BB5C5}.Debug|x86.ActiveCfg = Debug|Win32
		{31F8779A-AFBE-47D7-A6ED-40D5C66BB5C5}.Debug|x86.Build.0 = Debug|Win32
		{31F8779A-AFBE-47D7-A6ED-40D5C66BB5C5}.Release|x64.ActiveCfg = Release|x64
		{31F8779A-AFBE-47D7-A6ED-40D5C66BB5C5}.Release|x64.Build.0 = Release|x64
		{31F8779A-AFBE-47D7-A6ED-40D5C66BB5C5}.Release|x86.ActiveCfg = Release|Win32
		{31F8779A-AFBE-47D7-A6ED-40D5C66BB5C5}.Release|x86.Build.0 = Release|Win32
	EndGlobalSection
	GlobalSection(SolutionProperties) = preSolution
		HideSolutionNode = FALSE
	EndGlobalSection
	GlobalSection(ExtensibilityGlobals) = postSolution
		SolutionGuid = {0787A2E7-57D9-457B-B513-11C24171FBA8}
	EndGlobalSection
EndGlobal
