
Microsoft Visual Studio Solution File, Format Version 12.00
# Visual Studio Version 16
VisualStudioVersion = 16.0.30503.244
MinimumVisualStudioVersion = 10.0.40219.1
Project("{8BC9CEB8-8B4A-11D0-8D11-00A0C91BC942}") = "Diameter", "Diameter\Diameter.vcxproj", "{A1053384-1D5B-4F5D-83AD-713A09FC9D48}"
EndProject
Global
	GlobalSection(SolutionConfigurationPlatforms) = preSolution
		Debug|x64 = Debug|x64
		Debug|x86 = Debug|x86
		Release|x64 = Release|x64
		Release|x86 = Release|x86
	EndGlobalSection
	GlobalSection(ProjectConfigurationPlatforms) = postSolution
		{A1053384-1D5B-4F5D-83AD-713A09FC9D48}.Debug|x64.ActiveCfg = Debug|x64
		{A1053384-1D5B-4F5D-83AD-713A09FC9D48}.Debug|x64.Build.0 = Debug|x64
		{A1053384-1D5B-4F5D-83AD-713A09FC9D48}.Debug|x86.ActiveCfg = Debug|Win32
		{A1053384-1D5B-4F5D-83AD-713A09FC9D48}.Debug|x86.Build.0 = Debug|Win32
		{A1053384-1D5B-4F5D-83AD-713A09FC9D48}.Release|x64.ActiveCfg = Release|x64
		{A1053384-1D5B-4F5D-83AD-713A09FC9D48}.Release|x64.Build.0 = Release|x64
		{A1053384-1D5B-4F5D-83AD-713A09FC9D48}.Release|x86.ActiveCfg = Release|Win32
		{A1053384-1D5B-4F5D-83AD-713A09FC9D48}.Release|x86.Build.0 = Release|Win32
	EndGlobalSection
	GlobalSection(SolutionProperties) = preSolution
		HideSolutionNode = FALSE
	EndGlobalSection
	GlobalSection(ExtensibilityGlobals) = postSolution
		SolutionGuid = {3BE9E20D-A78C-43AC-B7C4-36F7BC2BEC58}
	EndGlobalSection
EndGlobal
